{
  "lockfile_version": "1",
  "packages": {
    "dbeaver-bin@latest": {
      "last_modified": "2025-08-09T20:54:02Z",
      "resolved": "github:NixOS/nixpkgs/1ef586712f85b4b004caecd385d6b023e7fd2450#dbeaver-bin",
      "source": "devbox-search",
      "version": "25.1.4",
      "systems": {
        "aarch64-darwin": {
          "outputs": [
            {
              "name": "out",
              "path": "/nix/store/wlw35mxwvd3nb13fjdklnpgagaw4hx68-dbeaver-bin-25.1.4",
              "default": true
            }
          ],
          "store_path": "/nix/store/wlw35mxwvd3nb13fjdklnpgagaw4hx68-dbeaver-bin-25.1.4"
        },
        "aarch64-linux": {
          "outputs": [
            {
              "name": "out",
              "path": "/nix/store/16hl210ghwa2bl0yaq0mvl2y0wacbvnd-dbeaver-bin-25.1.4",
              "default": true
            }
          ],
          "store_path": "/nix/store/16hl210ghwa2bl0yaq0mvl2y0wacbvnd-dbeaver-bin-25.1.4"
        },
        "x86_64-darwin": {
          "outputs": [
            {
              "name": "out",
              "path": "/nix/store/39b68dnggl3w6niz1n3m288n8d66i1rf-dbeaver-bin-25.1.4",
              "default": true
            }
          ],
          "store_path": "/nix/store/39b68dnggl3w6niz1n3m288n8d66i1rf-dbeaver-bin-25.1.4"
        },
        "x86_64-linux": {
          "outputs": [
            {
              "name": "out",
              "path": "/nix/store/ancxvqf528z4rx8c2gjm98qanilkc3wz-dbeaver-bin-25.1.4",
              "default": true
            }
          ],
          "store_path": "/nix/store/ancxvqf528z4rx8c2gjm98qanilkc3wz-dbeaver-bin-25.1.4"
        }
      }
    },
    "github:NixOS/nixpkgs/nixpkgs-unstable": {
      "last_modified": "2025-08-15T14:26:43Z",
      "resolved": "github:NixOS/nixpkgs/32f313e49e42f715491e1ea7b306a87c16fe0388?lastModified=1755268003&narHash=sha256-nNaeJjo861wFR0tjHDyCnHs1rbRtrMgxAKMoig9Sj%2Fw%3D"
    },
    "quarto@latest": {
      "last_modified": "2025-08-09T20:54:02Z",
      "resolved": "github:NixOS/nixpkgs/1ef586712f85b4b004caecd385d6b023e7fd2450#quarto",
      "source": "devbox-search",
      "version": "1.7.32",
      "systems": {
        "aarch64-darwin": {
          "outputs": [
            {
              "name": "out",
              "path": "/nix/store/hn64q1sicrcn9nq581jyszjjqa8827in-quarto-1.7.32",
              "default": true
            }
          ],
          "store_path": "/nix/store/hn64q1sicrcn9nq581jyszjjqa8827in-quarto-1.7.32"
        },
        "aarch64-linux": {
          "outputs": [
            {
              "name": "out",
              "path": "/nix/store/dj9hjf1l6njvr691nx33j343w6cpz1ah-quarto-1.7.32",
              "default": true
            }
          ],
          "store_path": "/nix/store/dj9hjf1l6njvr691nx33j343w6cpz1ah-quarto-1.7.32"
        },
        "x86_64-darwin": {
          "outputs": [
            {
              "name": "out",
              "path": "/nix/store/qi3swiqhh88pwv5zvi98yk9i0l43pb26-quarto-1.7.32",
              "default": true
            }
          ],
          "store_path": "/nix/store/qi3swiqhh88pwv5zvi98yk9i0l43pb26-quarto-1.7.32"
        },
        "x86_64-linux": {
          "outputs": [
            {
              "name": "out",
              "path": "/nix/store/li0xhyjqz8n2p6n9capl28jw8pfsykwp-quarto-1.7.32",
              "default": true
            }
          ],
          "store_path": "/nix/store/li0xhyjqz8n2p6n9capl28jw8pfsykwp-quarto-1.7.32"
        }
      }
    },
    "sqlite@latest": {
      "last_modified": "2025-08-11T16:06:55Z",
      "resolved": "github:NixOS/nixpkgs/4e942f9ef5b35526597c354d1ded817d1c285ef1#sqlite",
      "source": "devbox-search",
      "version": "3.50.2",
      "systems": {
        "aarch64-darwin": {
          "outputs": [
            {
              "name": "bin",
              "path": "/nix/store/35z7rb3gd23yfcgfssy8g7qw3dpd7q9p-sqlite-3.50.2-bin",
              "default": true
            },
            {
              "name": "man",
              "path": "/nix/store/fvl0bgzn40x7qlzmhb148aqmr9k3inx3-sqlite-3.50.2-man",
              "default": true
            },
            {
              "name": "dev",
              "path": "/nix/store/fnwnbb72xsrx67hlq995yrsliwpl08pl-sqlite-3.50.2-dev"
            },
            {
              "name": "doc",
              "path": "/nix/store/bbg63w1qynzsvvlzhl7rig9409vvrdqq-sqlite-3.50.2-doc"
            },
            {
              "name": "out",
              "path": "/nix/store/73iiazjcn1qscb8m0l5f3jg56vjgwxbj-sqlite-3.50.2"
            }
          ],
          "store_path": "/nix/store/35z7rb3gd23yfcgfssy8g7qw3dpd7q9p-sqlite-3.50.2-bin"
        },
        "aarch64-linux": {
          "outputs": [
            {
              "name": "bin",
              "path": "/nix/store/xra4yp1wl7kk5yrql2ksa28pyhgv05bh-sqlite-3.50.2-bin",
              "default": true
            },
            {
              "name": "man",
              "path": "/nix/store/f434igy35argvb4ia067612g8lgamj9h-sqlite-3.50.2-man",
              "default": true
            },
            {
              "name": "dev",
              "path": "/nix/store/bllx9j696dahs4xz2942lmbab7bain1w-sqlite-3.50.2-dev"
            },
            {
              "name": "doc",
              "path": "/nix/store/hdb7kzmd4d3arn8qc3n02zb2afhz01bk-sqlite-3.50.2-doc"
            },
            {
              "name": "out",
              "path": "/nix/store/hkapr9yav6nx45h1gizasd80gkqv3rqd-sqlite-3.50.2"
            },
            {
              "name": "debug",
              "path": "/nix/store/y78vmjc4dvqg52gy2y03yy43kmm4l5xy-sqlite-3.50.2-debug"
            }
          ],
          "store_path": "/nix/store/xra4yp1wl7kk5yrql2ksa28pyhgv05bh-sqlite-3.50.2-bin"
        },
        "x86_64-darwin": {
          "outputs": [
            {
              "name": "bin",
              "path": "/nix/store/5wm8hlhk48q6yliym7nfgpa1ijfphs2l-sqlite-3.50.2-bin",
              "default": true
            },
            {
              "name": "man",
              "path": "/nix/store/zra5y09sdp0vvsynaj0mv6pl0n9x3kil-sqlite-3.50.2-man",
              "default": true
            },
            {
              "name": "doc",
              "path": "/nix/store/3y1wdididszk73lxk2d2h753llrl18ns-sqlite-3.50.2-doc"
            },
            {
              "name": "out",
              "path": "/nix/store/qgbjr35s6r2mr4i37qpkb70wqfiwslh3-sqlite-3.50.2"
            },
            {
              "name": "dev",
              "path": "/nix/store/fi2fi6q7yqpgwa6z14xnqx00pq9s6h92-sqlite-3.50.2-dev"
            }
          ],
          "store_path": "/nix/store/5wm8hlhk48q6yliym7nfgpa1ijfphs2l-sqlite-3.50.2-bin"
        },
        "x86_64-linux": {
          "outputs": [
            {
              "name": "bin",
              "path": "/nix/store/davps0p09b6kswdnjm3mscfk5g25cvaf-sqlite-3.50.2-bin",
              "default": true
            },
            {
              "name": "man",
              "path": "/nix/store/p0pcmmzd168kdpl01lnp3qi17m7y2iwv-sqlite-3.50.2-man",
              "default": true
            },
            {
              "name": "debug",
              "path": "/nix/store/18l20nnx9pfixq0w29alajkgncvlz8qw-sqlite-3.50.2-debug"
            },
            {
              "name": "dev",
              "path": "/nix/store/jmqk9474xmakj7s663kbinp7bn959kr1-sqlite-3.50.2-dev"
            },
            {
              "name": "doc",
              "path": "/nix/store/fanxdjifxzjrs8zhi0qg9ifd0mqir4rf-sqlite-3.50.2-doc"
            },
            {
              "name": "out",
              "path": "/nix/store/yd47pmkv6iv58gs5v5jgyblvkw87pqx3-sqlite-3.50.2"
            }
          ],
          "store_path": "/nix/store/davps0p09b6kswdnjm3mscfk5g25cvaf-sqlite-3.50.2-bin"
        }
      }
    }
  }
}
